# This file is @generated by PDM.
# It is not intended for manual editing.

[[package]]
name = "markdown-it-py"
version = "2.1.0"
requires_python = ">=3.7"
summary = "Python port of markdown-it. Markdown parsing, done right!"
dependencies = [
    "mdurl~=0.1",
]

[[package]]
name = "mdurl"
version = "0.1.2"
requires_python = ">=3.7"
summary = "Markdown URL utilities"

[[package]]
name = "pygments"
version = "2.14.0"
requires_python = ">=3.6"
summary = "Pygments is a syntax highlighting package written in Python."

[[package]]
name = "rich"
version = "13.3.1"
requires_python = ">=3.7.0"
summary = "Render rich text, tables, progress bars, syntax highlighting, markdown and more to the terminal"
dependencies = [
    "markdown-it-py<3.0.0,>=2.1.0",
    "pygments<3.0.0,>=2.14.0",
]

[metadata]
lock_version = "4.1"
content_hash = "sha256:274869d1aadbcccc5662d642f05bc17559bf9cc764b06f56b9b4db800760273d"

[metadata.files]
"markdown-it-py 2.1.0" = [
    {url = "https://files.pythonhosted.org/packages/33/e9/ac8a93e9eda3891ecdfecf5e01c060bbd2c44d4e3e77efc83b9c7ce9db32/markdown-it-py-2.1.0.tar.gz", hash = "sha256:cf7e59fed14b5ae17c0006eff14a2d9a00ed5f3a846148153899a0224e2c07da"},
    {url = "https://files.pythonhosted.org/packages/f9/3f/ecd1b708973b9a3e4574b43cffc1ce8eb98696da34f1a1c44a68c3c0d737/markdown_it_py-2.1.0-py3-none-any.whl", hash = "sha256:93de681e5c021a432c63147656fe21790bc01231e0cd2da73626f1aa3ac0fe27"},
]
"mdurl 0.1.2" = [
    {url = "https://files.pythonhosted.org/packages/b3/38/89ba8ad64ae25be8de66a6d463314cf1eb366222074cfda9ee839c56a4b4/mdurl-0.1.2-py3-none-any.whl", hash = "sha256:84008a41e51615a49fc9966191ff91509e3c40b939176e643fd50a5c2196b8f8"},
    {url = "https://files.pythonhosted.org/packages/d6/54/cfe61301667036ec958cb99bd3efefba235e65cdeb9c84d24a8293ba1d90/mdurl-0.1.2.tar.gz", hash = "sha256:bb413d29f5eea38f31dd4754dd7377d4465116fb207585f97bf925588687c1ba"},
]
"pygments 2.14.0" = [
    {url = "https://files.pythonhosted.org/packages/0b/42/d9d95cc461f098f204cd20c85642ae40fbff81f74c300341b8d0e0df14e0/Pygments-2.14.0-py3-none-any.whl", hash = "sha256:fa7bd7bd2771287c0de303af8bfdfc731f51bd2c6a47ab69d117138893b82717"},
    {url = "https://files.pythonhosted.org/packages/da/6a/c427c06913204e24de28de5300d3f0e809933f376e0b7df95194b2bb3f71/Pygments-2.14.0.tar.gz", hash = "sha256:b3ed06a9e8ac9a9aae5a6f5dbe78a8a58655d17b43b93c078f094ddc476ae297"},
]
"rich 13.3.1" = [
    {url = "https://files.pythonhosted.org/packages/68/31/b8934896818c885001aeb7df388ba0523ea3ec88ad31805983d9b0480a50/rich-13.3.1.tar.gz", hash = "sha256:125d96d20c92b946b983d0d392b84ff945461e5a06d3867e9f9e575f8697b67f"},
    {url = "https://files.pythonhosted.org/packages/a8/c6/14b77fe7a5fab66ffbeffd6706f598d00a52702846bce0e2339bcf9dd20c/rich-13.3.1-py3-none-any.whl", hash = "sha256:8aa57747f3fc3e977684f0176a88e789be314a99f99b43b75d1e9cb5dc6db9e9"},
]
